{
  "name": "easy-metadata",
  "version": "5.0.0",
  "lockfileVersion": 1,
  "requires": true,
  "dependencies": {
    "debug": {
      "version": "3.1.0",
      "resolved": "https://registry.npmjs.org/debug/-/debug-3.1.0.tgz",
      "integrity": "sha512-OX8XqP7/1a9cqkxYw2yXss15f26NKWBpDXQd0/uK/KPqdQhxbPa994hnzjcE2VqQpDslf55723cKPUOGSmMY3g==",
      "requires": {
        "ms": "2.0.0"
      }
    },
    "es6-promise": {
      "version": "4.2.4",
      "resolved": "https://registry.npmjs.org/es6-promise/-/es6-promise-4.2.4.tgz",
      "integrity": "sha512-/NdNZVJg+uZgtm9eS3O6lrOLYmQag2DjdEXuPaHlZ6RuVqgqaVZfgYCepEIKsLqwdQArOPtC3XzRLqGGfT8KQQ=="
    },
    "file-type": {
      "version": "9.0.0",
      "resolved": "https://registry.npmjs.org/file-type/-/file-type-9.0.0.tgz",
      "integrity": "sha512-Qe/5NJrgIOlwijpq3B7BEpzPFcgzggOTagZmkXQY4LA6bsXKTUstK7Wp12lEJ/mLKTpvIZxmIuRcLYWT6ov9lw=="
    },
    "media-typer": {
      "version": "0.3.0",
      "resolved": "https://registry.npmjs.org/media-typer/-/media-typer-0.3.0.tgz",
      "integrity": "sha1-hxDXrwqmJvj/+hzgAWhUUmMlV0g="
    },
    "ms": {
      "version": "2.0.0",
      "resolved": "https://registry.npmjs.org/ms/-/ms-2.0.0.tgz",
      "integrity": "sha1-VgiurfwAvmwpAd9fmGF4jeDVl8g="
    },
    "music-metadata": {
      "version": "2.6.1",
      "resolved": "https://registry.npmjs.org/music-metadata/-/music-metadata-2.6.1.tgz",
      "integrity": "sha512-0hoSzZEOC6kX2bYgwB6l7ub43XLLKNb8ZJp6jcsOfE6fufWZouRMKgEIYuklR7lxscg+jTLdRvphbgg2XOoNxQ==",
      "requires": {
        "debug": "^3.1.0",
        "es6-promise": "^4.2.4",
        "file-type": "9",
        "media-typer": "^0.3.0",
        "strtok3": "^1.5.3",
        "then-read-stream": "^1.2.1",
        "token-types": "^0.10.0"
      }
    },
    "strtok3": {
      "version": "1.5.4",
      "resolved": "https://registry.npmjs.org/strtok3/-/strtok3-1.5.4.tgz",
      "integrity": "sha512-x86I+4G02pjR9butnijLNVXDgBsAeATKGlQbvPBCXWu297IbToTopXBPFcG1Wl4mMK/xMxMal8HPtqLPJft7Ag==",
      "requires": {
        "debug": "^3.1.0",
        "es6-promise": "^4.2.4",
        "then-read-stream": "^1.2.1",
        "token-types": "^0.10.0"
      }
    },
    "then-read-stream": {
      "version": "1.2.1",
      "resolved": "https://registry.npmjs.org/then-read-stream/-/then-read-stream-1.2.1.tgz",
      "integrity": "sha512-jlPrHP7M1NUddX21McA8TL1jVdB0cZ9va5yd452YHiLk42ume0WSub9wvecGy6jNjnl5kMPlfMT54WrwpNoLAA==",
      "requires": {
        "es6-promise": "^4.2.4"
      }
    },
    "token-types": {
      "version": "0.10.0",
      "resolved": "https://registry.npmjs.org/token-types/-/token-types-0.10.0.tgz",
      "integrity": "sha512-26A0816VoHW8h64OT47dcclsH5M9iwo9zi3KoCPz1NrKoI9T2dlVkisgzTaGK4dPjCbP3ugf7cYqhWOiAzVHgw=="
    }
  }
}
